
Microsoft Visual Studio Solution File, Format Version 12.00
# Visual Studio Version 16
VisualStudioVersion = 16.0.31205.134
MinimumVisualStudioVersion = 10.0.40219.1
Project("{9A19103F-16F7-4668-BE54-9A1E7A4F7556}") = "SiteEvaluating", "Site Eveluator\SiteEvaluating.csproj", "{1753D95F-FA14-4982-8E1A-681944D624A9}"
EndProject
Global
	GlobalSection(SolutionConfigurationPlatforms) = preSolution
		Debug|Any CPU = Debug|Any CPU
		Release|Any CPU = Release|Any CPU
	EndGlobalSection
	GlobalSection(ProjectConfigurationPlatforms) = postSolution
		{1753D95F-FA14-4982-8E1A-681944D624A9}.Debug|Any CPU.ActiveCfg = Debug|Any CPU
		{1753D95F-FA14-4982-8E1A-681944D624A9}.Debug|Any CPU.Build.0 = Debug|Any CPU
		{1753D95F-FA14-4982-8E1A-681944D624A9}.Release|Any CPU.ActiveCfg = Release|Any CPU
		{1753D95F-FA14-4982-8E1A-681944D624A9}.Release|Any CPU.Build.0 = Release|Any CPU
	EndGlobalSection
	GlobalSection(SolutionProperties) = preSolution
		HideSolutionNode = FALSE
	EndGlobalSection
	GlobalSection(ExtensibilityGlobals) = postSolution
		SolutionGuid = {B965439A-E8BD-4136-B46D-E6A6943D3782}
	EndGlobalSection
EndGlobal
