
Microsoft Visual Studio Solution File, Format Version 12.00
# Visual Studio Version 16
VisualStudioVersion = 16.0.31313.79
MinimumVisualStudioVersion = 10.0.40219.1
Project("{9A19103F-16F7-4668-BE54-9A1E7A4F7556}") = "WebCrawler.Logic", "WebCrawler\WebCrawler.Logic.csproj", "{7C49C18B-0E0F-4011-A05B-883966DEC057}"
EndProject
Project("{9A19103F-16F7-4668-BE54-9A1E7A4F7556}") = "WebCrawler.ConsoleApp", "WebCrawlerConsoleApp\WebCrawler.ConsoleApp.csproj", "{397F0C69-EC95-4867-B384-F384D38E0824}"
EndProject
Project("{9A19103F-16F7-4668-BE54-9A1E7A4F7556}") = "WebCrawler.Tests", "WebCrawlerTest\WebCrawler.Tests.csproj", "{5160C07A-B7BE-4B76-BEF8-107127B0F740}"
EndProject
Project("{9A19103F-16F7-4668-BE54-9A1E7A4F7556}") = "WebCrawler.WebCrawlerDbContext", "WebCrawler.DbContext\WebCrawler.WebCrawlerDbContext.csproj", "{954E1F5B-DE15-4BE4-9284-1ECA1A6A7907}"
EndProject
Project("{9A19103F-16F7-4668-BE54-9A1E7A4F7556}") = "WebCrawlerWebMVC", "WebCrawlerWebMVC\WebCrawlerWebMVC.csproj", "{71409416-D056-4A6D-B323-E246BC80B78B}"
EndProject
Project("{9A19103F-16F7-4668-BE54-9A1E7A4F7556}") = "WebCrawler.Service", "WebCrawler.Service\WebCrawler.Service.csproj", "{763B3D33-ADF6-4E8B-83C4-BCFBF473E5AE}"
EndProject
Project("{FAE04EC0-301F-11D3-BF4B-00C04F79EFBC}") = "WebCrawlerWebAPI", "WebCrawlerWebAPI\WebCrawlerWebAPI.csproj", "{CBC41FC5-71BB-47F5-925A-99329222F825}"
EndProject
Global
	GlobalSection(SolutionConfigurationPlatforms) = preSolution
		Debug|Any CPU = Debug|Any CPU
		Release|Any CPU = Release|Any CPU
	EndGlobalSection
	GlobalSection(ProjectConfigurationPlatforms) = postSolution
		{7C49C18B-0E0F-4011-A05B-883966DEC057}.Debug|Any CPU.ActiveCfg = Debug|Any CPU
		{7C49C18B-0E0F-4011-A05B-883966DEC057}.Debug|Any CPU.Build.0 = Debug|Any CPU
		{7C49C18B-0E0F-4011-A05B-883966DEC057}.Release|Any CPU.ActiveCfg = Release|Any CPU
		{7C49C18B-0E0F-4011-A05B-883966DEC057}.Release|Any CPU.Build.0 = Release|Any CPU
		{397F0C69-EC95-4867-B384-F384D38E0824}.Debug|Any CPU.ActiveCfg = Debug|Any CPU
		{397F0C69-EC95-4867-B384-F384D38E0824}.Debug|Any CPU.Build.0 = Debug|Any CPU
		{397F0C69-EC95-4867-B384-F384D38E0824}.Release|Any CPU.ActiveCfg = Release|Any CPU
		{397F0C69-EC95-4867-B384-F384D38E0824}.Release|Any CPU.Build.0 = Release|Any CPU
		{5160C07A-B7BE-4B76-BEF8-107127B0F740}.Debug|Any CPU.ActiveCfg = Debug|Any CPU
		{5160C07A-B7BE-4B76-BEF8-107127B0F740}.Debug|Any CPU.Build.0 = Debug|Any CPU
		{5160C07A-B7BE-4B76-BEF8-107127B0F740}.Release|Any CPU.ActiveCfg = Release|Any CPU
		{5160C07A-B7BE-4B76-BEF8-107127B0F740}.Release|Any CPU.Build.0 = Release|Any CPU
		{954E1F5B-DE15-4BE4-9284-1ECA1A6A7907}.Debug|Any CPU.ActiveCfg = Debug|Any CPU
		{954E1F5B-DE15-4BE4-9284-1ECA1A6A7907}.Debug|Any CPU.Build.0 = Debug|Any CPU
		{954E1F5B-DE15-4BE4-9284-1ECA1A6A7907}.Release|Any CPU.ActiveCfg = Release|Any CPU
		{954E1F5B-DE15-4BE4-9284-1ECA1A6A7907}.Release|Any CPU.Build.0 = Release|Any CPU
		{71409416-D056-4A6D-B323-E246BC80B78B}.Debug|Any CPU.ActiveCfg = Debug|Any CPU
		{71409416-D056-4A6D-B323-E246BC80B78B}.Debug|Any CPU.Build.0 = Debug|Any CPU
		{71409416-D056-4A6D-B323-E246BC80B78B}.Release|Any CPU.ActiveCfg = Release|Any CPU
		{71409416-D056-4A6D-B323-E246BC80B78B}.Release|Any CPU.Build.0 = Release|Any CPU
		{763B3D33-ADF6-4E8B-83C4-BCFBF473E5AE}.Debug|Any CPU.ActiveCfg = Debug|Any CPU
		{763B3D33-ADF6-4E8B-83C4-BCFBF473E5AE}.Debug|Any CPU.Build.0 = Debug|Any CPU
		{763B3D33-ADF6-4E8B-83C4-BCFBF473E5AE}.Release|Any CPU.ActiveCfg = Release|Any CPU
		{763B3D33-ADF6-4E8B-83C4-BCFBF473E5AE}.Release|Any CPU.Build.0 = Release|Any CPU
		{CBC41FC5-71BB-47F5-925A-99329222F825}.Debug|Any CPU.ActiveCfg = Debug|Any CPU
		{CBC41FC5-71BB-47F5-925A-99329222F825}.Debug|Any CPU.Build.0 = Debug|Any CPU
		{CBC41FC5-71BB-47F5-925A-99329222F825}.Release|Any CPU.ActiveCfg = Release|Any CPU
		{CBC41FC5-71BB-47F5-925A-99329222F825}.Release|Any CPU.Build.0 = Release|Any CPU
	EndGlobalSection
	GlobalSection(SolutionProperties) = preSolution
		HideSolutionNode = FALSE
	EndGlobalSection
	GlobalSection(ExtensibilityGlobals) = postSolution
		SolutionGuid = {068F1ED7-F5B7-4D38-9C9C-08312A752923}
	EndGlobalSection
EndGlobal
